
Microsoft Visual Studio Solution File, Format Version 10.00
# Visual Studio 2008
Project("{F2A71F9B-5D33-465A-A702-920D77279786}") = "SvnTools", "Source\SvnTools.fsproj", "{E1484BC9-13D0-421A-B386-DAFFCE06192A}"
EndProject
Project("{F2A71F9B-5D33-465A-A702-920D77279786}") = "SvnTools.Tests", "Tests\SvnTools.Tests.fsproj", "{A7D93635-ED87-4F21-BFFD-BAA59B44A4C9}"
EndProject
Global
	GlobalSection(SolutionConfigurationPlatforms) = preSolution
		Debug|Any CPU = Debug|Any CPU
		Release|Any CPU = Release|Any CPU
	EndGlobalSection
	GlobalSection(ProjectConfigurationPlatforms) = postSolution
		{E1484BC9-13D0-421A-B386-DAFFCE06192A}.Debug|Any CPU.ActiveCfg = Debug|Any CPU
		{E1484BC9-13D0-421A-B386-DAFFCE06192A}.Debug|Any CPU.Build.0 = Debug|Any CPU
		{E1484BC9-13D0-421A-B386-DAFFCE06192A}.Release|Any CPU.ActiveCfg = Release|Any CPU
		{E1484BC9-13D0-421A-B386-DAFFCE06192A}.Release|Any CPU.Build.0 = Release|Any CPU
		{A7D93635-ED87-4F21-BFFD-BAA59B44A4C9}.Debug|Any CPU.ActiveCfg = Debug|Any CPU
		{A7D93635-ED87-4F21-BFFD-BAA59B44A4C9}.Debug|Any CPU.Build.0 = Debug|Any CPU
		{A7D93635-ED87-4F21-BFFD-BAA59B44A4C9}.Release|Any CPU.ActiveCfg = Release|Any CPU
		{A7D93635-ED87-4F21-BFFD-BAA59B44A4C9}.Release|Any CPU.Build.0 = Release|Any CPU
	EndGlobalSection
	GlobalSection(SolutionProperties) = preSolution
		HideSolutionNode = FALSE
	EndGlobalSection
EndGlobal
