
Microsoft Visual Studio Solution File, Format Version 10.00
# Visual Studio 2008
Project("{F2A71F9B-5D33-465A-A702-920D77279786}") = "Cake", "Source\Cake.fsproj", "{A1B1CF5C-1404-4FFF-90CB-906B00D70387}"
EndProject
Project("{F2A71F9B-5D33-465A-A702-920D77279786}") = "Cake.Tests", "Tests\Cake.Tests.fsproj", "{D6D10F91-D9A0-48E5-9E59-A4F262C650E5}"
EndProject
Project("{F2A71F9B-5D33-465A-A702-920D77279786}") = "Build", "Build.fsproj", "{A25CBAA0-F1AA-487C-A416-80D6E01413F9}"
EndProject
Global
	GlobalSection(SolutionConfigurationPlatforms) = preSolution
		Debug|Any CPU = Debug|Any CPU
		Release|Any CPU = Release|Any CPU
	EndGlobalSection
	GlobalSection(ProjectConfigurationPlatforms) = postSolution
		{A1B1CF5C-1404-4FFF-90CB-906B00D70387}.Debug|Any CPU.ActiveCfg = Debug|Any CPU
		{A1B1CF5C-1404-4FFF-90CB-906B00D70387}.Debug|Any CPU.Build.0 = Debug|Any CPU
		{A1B1CF5C-1404-4FFF-90CB-906B00D70387}.Release|Any CPU.ActiveCfg = Release|Any CPU
		{A1B1CF5C-1404-4FFF-90CB-906B00D70387}.Release|Any CPU.Build.0 = Release|Any CPU
		{D6D10F91-D9A0-48E5-9E59-A4F262C650E5}.Debug|Any CPU.ActiveCfg = Debug|Any CPU
		{D6D10F91-D9A0-48E5-9E59-A4F262C650E5}.Debug|Any CPU.Build.0 = Debug|Any CPU
		{D6D10F91-D9A0-48E5-9E59-A4F262C650E5}.Release|Any CPU.ActiveCfg = Release|Any CPU
		{D6D10F91-D9A0-48E5-9E59-A4F262C650E5}.Release|Any CPU.Build.0 = Release|Any CPU
		{A25CBAA0-F1AA-487C-A416-80D6E01413F9}.Debug|Any CPU.ActiveCfg = Debug|Any CPU
		{A25CBAA0-F1AA-487C-A416-80D6E01413F9}.Debug|Any CPU.Build.0 = Debug|Any CPU
		{A25CBAA0-F1AA-487C-A416-80D6E01413F9}.Release|Any CPU.ActiveCfg = Release|Any CPU
		{A25CBAA0-F1AA-487C-A416-80D6E01413F9}.Release|Any CPU.Build.0 = Release|Any CPU
	EndGlobalSection
	GlobalSection(SolutionProperties) = preSolution
		HideSolutionNode = FALSE
	EndGlobalSection
EndGlobal
