
Microsoft Visual Studio Solution File, Format Version 11.00
# Visual Studio 2010
Project("{F2A71F9B-5D33-465A-A702-920D77279786}") = "Monocle", "Source\Monocle.fsproj", "{66B9BB6F-8097-43D3-B987-C01CC7A1C48F}"
EndProject
Project("{F2A71F9B-5D33-465A-A702-920D77279786}") = "Monocle.Tests", "Tests\Monocle.Tests.fsproj", "{CA3EA4B7-DB0B-4D29-AB0E-314442769827}"
EndProject
Global
	GlobalSection(SolutionConfigurationPlatforms) = preSolution
		Debug|Any CPU = Debug|Any CPU
		Release|Any CPU = Release|Any CPU
	EndGlobalSection
	GlobalSection(ProjectConfigurationPlatforms) = postSolution
		{66B9BB6F-8097-43D3-B987-C01CC7A1C48F}.Debug|Any CPU.ActiveCfg = Debug|Any CPU
		{66B9BB6F-8097-43D3-B987-C01CC7A1C48F}.Debug|Any CPU.Build.0 = Debug|Any CPU
		{66B9BB6F-8097-43D3-B987-C01CC7A1C48F}.Release|Any CPU.ActiveCfg = Release|Any CPU
		{66B9BB6F-8097-43D3-B987-C01CC7A1C48F}.Release|Any CPU.Build.0 = Release|Any CPU
		{CA3EA4B7-DB0B-4D29-AB0E-314442769827}.Debug|Any CPU.ActiveCfg = Debug|Any CPU
		{CA3EA4B7-DB0B-4D29-AB0E-314442769827}.Debug|Any CPU.Build.0 = Debug|Any CPU
		{CA3EA4B7-DB0B-4D29-AB0E-314442769827}.Release|Any CPU.ActiveCfg = Release|Any CPU
		{CA3EA4B7-DB0B-4D29-AB0E-314442769827}.Release|Any CPU.Build.0 = Release|Any CPU
	EndGlobalSection
	GlobalSection(SolutionProperties) = preSolution
		HideSolutionNode = FALSE
	EndGlobalSection
EndGlobal
